<?xml version="1.0" encoding="utf-8"?>
<Project ToolsVersion="4.0" xmlns="http://schemas.microsoft.com/developer/msbuild/2003">
  <ItemGroup>
    <Filter Include="Исходные файлы">
      <UniqueIdentifier>{4FC737F1-C7A5-4376-A066-2A32D752A2FF}</UniqueIdentifier>
      <Extensions>cpp;c;cc;cxx;def;odl;idl;hpj;bat;asm;asmx</Extensions>
    </Filter>
    <Filter Include="Файлы заголовков">
      <UniqueIdentifier>{93995380-89BD-4b04-88EB-625FBE52EBFB}</UniqueIdentifier>
      <Extensions>h;hh;hpp;hxx;hm;inl;inc;ipp;xsd</Extensions>
    </Filter>
    <Filter Include="Файлы ресурсов">
      <UniqueIdentifier>{67DA6AB6-F800-4c08-8B7A-83BB121AAD01}</UniqueIdentifier>
      <Extensions>rc;ico;cur;bmp;dlg;rc2;rct;bin;rgs;gif;jpg;jpeg;jpe;resx;tiff;tif;png;wav;mfcribbon-ms</Extensions>
    </Filter>
    <Filter Include="Исходные файлы\FileSystems">
      <UniqueIdentifier>{c0ea85ac-fbc1-4cea-b536-389bf7cd25cb}</UniqueIdentifier>
    </Filter>
    <Filter Include="Файлы заголовков\FileSystems">
      <UniqueIdentifier>{0eec64fc-6d7f-4113-8644-f37b69c73bd7}</UniqueIdentifier>
    </Filter>
  </ItemGroup>
  <ItemGroup>
    <ClInclude Include="pch.h">
      <Filter>Файлы заголовков</Filter>
    </ClInclude>
    <ClInclude Include="FileReader.h">
      <Filter>Файлы заголовков</Filter>
    </ClInclude>
    <ClInclude Include="BaseFileSystem.h">
      <Filter>Файлы заголовков\FileSystems</Filter>
    </ClInclude>
    <ClInclude Include="ExFATFileSystem.h">
      <Filter>Файлы заголовков\FileSystems</Filter>
    </ClInclude>
    <ClInclude Include="FATFileSystem.h">
      <Filter>Файлы заголовков\FileSystems</Filter>
    </ClInclude>
    <ClInclude Include="FileSystemFactory.h">
      <Filter>Файлы заголовков\FileSystems</Filter>
    </ClInclude>
    <ClInclude Include="NTFSFileSystem.h">
      <Filter>Файлы заголовков\FileSystems</Filter>
    </ClInclude>
    <ClInclude Include="BaseIterator.h">
      <Filter>Файлы заголовков</Filter>
    </ClInclude>
    <ClInclude Include="FSCluster.h">
      <Filter>Файлы заголовков</Filter>
    </ClInclude>
    <ClInclude Include="FSClusterIterator.h">
      <Filter>Файлы заголовков</Filter>
    </ClInclude>
    <ClInclude Include="PDFClusterIterator.h">
      <Filter>Файлы заголовков</Filter>
    </ClInclude>
  </ItemGroup>
  <ItemGroup>
    <ClCompile Include="pch.cpp">
      <Filter>Исходные файлы</Filter>
    </ClCompile>
    <ClCompile Include="LowLevelFSReader.cpp">
      <Filter>Исходные файлы</Filter>
    </ClCompile>
    <ClCompile Include="FileReader.cpp">
      <Filter>Исходные файлы</Filter>
    </ClCompile>
    <ClCompile Include="BaseFileSystem.cpp">
      <Filter>Исходные файлы\FileSystems</Filter>
    </ClCompile>
    <ClCompile Include="NTFSFileSystem.cpp">
      <Filter>Исходные файлы\FileSystems</Filter>
    </ClCompile>
    <ClCompile Include="FileSystemFactory.cpp">
      <Filter>Исходные файлы\FileSystems</Filter>
    </ClCompile>
    <ClCompile Include="ExFATFileSystem.cpp">
      <Filter>Исходные файлы\FileSystems</Filter>
    </ClCompile>
    <ClCompile Include="FATFileSystem.cpp">
      <Filter>Исходные файлы\FileSystems</Filter>
    </ClCompile>
    <ClCompile Include="BaseIterator.cpp">
      <Filter>Исходные файлы</Filter>
    </ClCompile>
    <ClCompile Include="FSCluster.cpp">
      <Filter>Исходные файлы</Filter>
    </ClCompile>
    <ClCompile Include="FSClusterIterator.cpp">
      <Filter>Исходные файлы</Filter>
    </ClCompile>
    <ClCompile Include="PDFClusterIterator.cpp">
      <Filter>Исходные файлы</Filter>
    </ClCompile>
  </ItemGroup>
</Project>